{
  "version": 4,
  "terraform_version": "1.2.6",
  "serial": 14,
  "lineage": "db6e3a0a-0679-3de0-e0ae-4cbe2f3a87f6",
  "outputs": {
    "database_host_fqdn": {
      "value": [
        "rc1b-gof2xqthrdo9323c.mdb.yandexcloud.net",
        "rc1c-ihmu610pmgd1n9a9.mdb.yandexcloud.net"
      ],
      "type": [
        "list",
        "string"
      ]
    },
    "load_balancer_public_ip": {
      "value": [
        "62.84.122.27"
      ],
      "type": [
        "list",
        "string"
      ]
    }
  },
  "resources": [
    {
      "mode": "managed",
      "type": "yandex_compute_instance",
      "name": "wp-app-1",
      "provider": "provider[\"registry.terraform.io/yandex-cloud/yandex\"]",
      "instances": [
        {
          "schema_version": 1,
          "attributes": {
            "allow_recreate": null,
            "allow_stopping_for_update": null,
            "boot_disk": [
              {
                "auto_delete": true,
                "device_name": "fhmnrdlhhbp7khnmi442",
                "disk_id": "fhmnrdlhhbp7khnmi442",
                "initialize_params": [
                  {
                    "block_size": 4096,
                    "description": "",
                    "image_id": "fd80viupr3qjr5g6g9du",
                    "name": "",
                    "size": 3,
                    "snapshot_id": "",
                    "type": "network-hdd"
                  }
                ],
                "mode": "READ_WRITE"
              }
            ],
            "created_at": "2022-08-05T13:43:19Z",
            "description": "",
            "folder_id": "b1g0sumoa9bmdieiucl3",
            "fqdn": "fhmljn31f1n9v64ifnko.auto.internal",
            "hostname": "",
            "id": "fhmljn31f1n9v64ifnko",
            "labels": {},
            "local_disk": [],
            "metadata": {
              "ssh-keys": "ubuntu:-----BEGIN OPENSSH PRIVATE KEY-----\nb3BlbnNzaC1rZXktdjEAAAAACmFlczI1Ni1jdHIAAAAGYmNyeXB0AAAAGAAAABCIsXPMxJ\nirdYrEwHS/nN3GAAAAEAAAAAEAAAEXAAAAB3NzaC1yc2EAAAADAQABAAABAQDYRikDalRe\nwdEesoSlPujm+l7cMGGdrSfrAFmC56sYg2gB/kl5V3braWv1fsTr2+9qlvIk78W4gca0eI\nsWiRGucdFD5mQzryIBIJ9afZQEKdYfg0VNCb8TiUG71Lutf38ttjLjSnC+RH+IaxC7TCuv\nrLzlsugAI1Y+iPgExh9A+eUaKKbfhpWnzA9YzdRx5Dz+hVlBV4BV9UV46uqlrhdnEod4Bh\ne25OJMS1FVQu0clH5su3IIDJatNSsClAGEnjvmmDJXrVL6Yr81smnbPpiKrO3iDUS1x0dm\ndILvP6EPr6p+QIeAT/0/CZmcUP6CyPNnNO68dXOa2NJ2uEAVV48lAAAD0NWFCGvjG8/A7m\nUzaZrHBLFORTZ7BpMCd9yDJQpj7IZ2L2CCKAtYLEGMQjaxfWVrPKO3DtJ4Lg73ylSfsCoT\n53Lf1ZY2cverOektlRMAJ/FBtkf3+zMdpEzwlTnZzsBzB2nfCkWa1hGVEZ9cfuxnOnDHsc\nLNzPMox5REoDhLMWV+2vzDRu02Knrs3oqaVmFCPk20l1TGTqRISPj22vN3LZ9TTGMeYwBK\nanPXs0wfsJ37bjdsS0MeAbwp2F0TL9X4i/nqbpl7Zgz5iJkNoclj0DMzZB+lWY3+Ks9wUz\nUrbJlw8YSawFKtL2wR0+ZUTSsAizuJw7zju6LWrrXBDrHoneNLIqYmKHj9/0D8q6QzBG6u\ntqqpnufFw+tWXFkoX/QM1orDd6KbFgaBGHn3oNPNAFhYHAIrMjwhdID4AamIYc4SZTpBAM\n7CILOOpTKeoLNDXITyVRAXaef0uZKy3cPdwPuhdmL3nH0RBd3EIhjZ0mY+yzgh8kyqasUg\ncx6IF2x6EgHM97oQrjXxmthRB2X1PuPgSKcF08liTjNkdt4KdJMCcFzdy2X2CJoVRVd3f9\nRbM1gjcK7EtJN78zBR3U5yT7coPsnWil94MVtR4Mlz514oGgUSuNMRfyHgFhBrG5m4LDGM\n5Abhknd/tS1jfjnM34HtZAkzWEGvDB7NdyZeHhaKGblN76O2FzxtHHwPMtLYnQMeEFyQI5\nZ4Wcp7gia/28G+dVyNOGy3GrbUhL7IwiBrXBXqNBqtDShG14MYyRg+uVIAPsRe7TnCRggm\njzncQzDN3si8x3rZ5ElB/0r3biH2AEVadtjEWnzYGHjCrMlKqTVYoh0ezeBRa0MTKYcMMQ\n+YLFQI7R0VUUkHEf56ONdXHMOZhE6jYDiDFtTaPM4jzUsWjLprPhns/z5+PltJHeHxuXmA\nSATwTnwfRDm+B0RJYxphhV+y0lGA2wCHYeTefYBojUaWVLvB2R8bBpYoWNbwuuhv5siih8\nx+5QyI2TYplnUfj2AVv88kWU6VD77i6fJxJDGZ0nAoM7QyNzLrWg+vz9xpevc8pNugwYKk\ntpP+nuFwLl1bwevezFSih0hhh+1R0qVgLAhWoxn+z4AGyrC6JpVzeH0RTfXyyhTs74fsTC\nVgxK5DwKpfv56z/vtcJdpFScEZRqHgSF3iLf6WtgEZAZOMFWbOoumW7xHq9cMonrsPn7m/\nkGf/3Q76VF4mG3cM5T6U2UhmA4NF6A+MudNYSMd+i054CRufvUmexQ5upawEOFHblUaRZk\n9kBiYblEPwjGgkJotJZjtG2Po/Xh0=\n-----END OPENSSH PRIVATE KEY-----\n"
            },
            "name": "wp-app-1",
            "network_acceleration_type": "standard",
            "network_interface": [
              {
                "dns_record": [],
                "index": 0,
                "ip_address": "10.2.0.25",
                "ipv4": true,
                "ipv6": false,
                "ipv6_address": "",
                "ipv6_dns_record": [],
                "mac_address": "d0:0d:15:9d:c6:17",
                "nat": true,
                "nat_dns_record": [],
                "nat_ip_address": "51.250.68.63",
                "nat_ip_version": "IPV4",
                "security_group_ids": [],
                "subnet_id": "e9burnv1545q27ailbnt"
              }
            ],
            "placement_policy": [
              {
                "host_affinity_rules": [],
                "placement_group_id": ""
              }
            ],
            "platform_id": "standard-v1",
            "resources": [
              {
                "core_fraction": 100,
                "cores": 2,
                "gpus": 0,
                "memory": 2
              }
            ],
            "scheduling_policy": [
              {
                "preemptible": false
              }
            ],
            "secondary_disk": [],
            "service_account_id": "",
            "status": "running",
            "timeouts": null,
            "zone": "ru-central1-a"
          },
          "sensitive_attributes": [],
          "private": "eyJlMmJmYjczMC1lY2FhLTExZTYtOGY4OC0zNDM2M2JjN2M0YzAiOnsiY3JlYXRlIjozMDAwMDAwMDAwMDAsImRlbGV0ZSI6MzAwMDAwMDAwMDAwLCJ1cGRhdGUiOjMwMDAwMDAwMDAwMH0sInNjaGVtYV92ZXJzaW9uIjoiMSJ9",
          "dependencies": [
            "yandex_vpc_network.wp-network",
            "yandex_vpc_subnet.wp-subnet-a"
          ]
        }
      ]
    },
    {
      "mode": "managed",
      "type": "yandex_compute_instance",
      "name": "wp-app-2",
      "provider": "provider[\"registry.terraform.io/yandex-cloud/yandex\"]",
      "instances": [
        {
          "schema_version": 1,
          "attributes": {
            "allow_recreate": null,
            "allow_stopping_for_update": null,
            "boot_disk": [
              {
                "auto_delete": true,
                "device_name": "epd234ia3eofrdunu50f",
                "disk_id": "epd234ia3eofrdunu50f",
                "initialize_params": [
                  {
                    "block_size": 4096,
                    "description": "",
                    "image_id": "fd80viupr3qjr5g6g9du",
                    "name": "",
                    "size": 3,
                    "snapshot_id": "",
                    "type": "network-hdd"
                  }
                ],
                "mode": "READ_WRITE"
              }
            ],
            "created_at": "2022-08-05T13:43:19Z",
            "description": "",
            "folder_id": "b1g0sumoa9bmdieiucl3",
            "fqdn": "epd4k4eps5lm9a5qoouu.auto.internal",
            "hostname": "",
            "id": "epd4k4eps5lm9a5qoouu",
            "labels": {},
            "local_disk": [],
            "metadata": {
              "ssh-keys": "ubuntu:-----BEGIN OPENSSH PRIVATE KEY-----\nb3BlbnNzaC1rZXktdjEAAAAACmFlczI1Ni1jdHIAAAAGYmNyeXB0AAAAGAAAABCIsXPMxJ\nirdYrEwHS/nN3GAAAAEAAAAAEAAAEXAAAAB3NzaC1yc2EAAAADAQABAAABAQDYRikDalRe\nwdEesoSlPujm+l7cMGGdrSfrAFmC56sYg2gB/kl5V3braWv1fsTr2+9qlvIk78W4gca0eI\nsWiRGucdFD5mQzryIBIJ9afZQEKdYfg0VNCb8TiUG71Lutf38ttjLjSnC+RH+IaxC7TCuv\nrLzlsugAI1Y+iPgExh9A+eUaKKbfhpWnzA9YzdRx5Dz+hVlBV4BV9UV46uqlrhdnEod4Bh\ne25OJMS1FVQu0clH5su3IIDJatNSsClAGEnjvmmDJXrVL6Yr81smnbPpiKrO3iDUS1x0dm\ndILvP6EPr6p+QIeAT/0/CZmcUP6CyPNnNO68dXOa2NJ2uEAVV48lAAAD0NWFCGvjG8/A7m\nUzaZrHBLFORTZ7BpMCd9yDJQpj7IZ2L2CCKAtYLEGMQjaxfWVrPKO3DtJ4Lg73ylSfsCoT\n53Lf1ZY2cverOektlRMAJ/FBtkf3+zMdpEzwlTnZzsBzB2nfCkWa1hGVEZ9cfuxnOnDHsc\nLNzPMox5REoDhLMWV+2vzDRu02Knrs3oqaVmFCPk20l1TGTqRISPj22vN3LZ9TTGMeYwBK\nanPXs0wfsJ37bjdsS0MeAbwp2F0TL9X4i/nqbpl7Zgz5iJkNoclj0DMzZB+lWY3+Ks9wUz\nUrbJlw8YSawFKtL2wR0+ZUTSsAizuJw7zju6LWrrXBDrHoneNLIqYmKHj9/0D8q6QzBG6u\ntqqpnufFw+tWXFkoX/QM1orDd6KbFgaBGHn3oNPNAFhYHAIrMjwhdID4AamIYc4SZTpBAM\n7CILOOpTKeoLNDXITyVRAXaef0uZKy3cPdwPuhdmL3nH0RBd3EIhjZ0mY+yzgh8kyqasUg\ncx6IF2x6EgHM97oQrjXxmthRB2X1PuPgSKcF08liTjNkdt4KdJMCcFzdy2X2CJoVRVd3f9\nRbM1gjcK7EtJN78zBR3U5yT7coPsnWil94MVtR4Mlz514oGgUSuNMRfyHgFhBrG5m4LDGM\n5Abhknd/tS1jfjnM34HtZAkzWEGvDB7NdyZeHhaKGblN76O2FzxtHHwPMtLYnQMeEFyQI5\nZ4Wcp7gia/28G+dVyNOGy3GrbUhL7IwiBrXBXqNBqtDShG14MYyRg+uVIAPsRe7TnCRggm\njzncQzDN3si8x3rZ5ElB/0r3biH2AEVadtjEWnzYGHjCrMlKqTVYoh0ezeBRa0MTKYcMMQ\n+YLFQI7R0VUUkHEf56ONdXHMOZhE6jYDiDFtTaPM4jzUsWjLprPhns/z5+PltJHeHxuXmA\nSATwTnwfRDm+B0RJYxphhV+y0lGA2wCHYeTefYBojUaWVLvB2R8bBpYoWNbwuuhv5siih8\nx+5QyI2TYplnUfj2AVv88kWU6VD77i6fJxJDGZ0nAoM7QyNzLrWg+vz9xpevc8pNugwYKk\ntpP+nuFwLl1bwevezFSih0hhh+1R0qVgLAhWoxn+z4AGyrC6JpVzeH0RTfXyyhTs74fsTC\nVgxK5DwKpfv56z/vtcJdpFScEZRqHgSF3iLf6WtgEZAZOMFWbOoumW7xHq9cMonrsPn7m/\nkGf/3Q76VF4mG3cM5T6U2UhmA4NF6A+MudNYSMd+i054CRufvUmexQ5upawEOFHblUaRZk\n9kBiYblEPwjGgkJotJZjtG2Po/Xh0=\n-----END OPENSSH PRIVATE KEY-----\n"
            },
            "name": "wp-app-2",
            "network_acceleration_type": "standard",
            "network_interface": [
              {
                "dns_record": [],
                "index": 0,
                "ip_address": "10.3.0.16",
                "ipv4": true,
                "ipv6": false,
                "ipv6_address": "",
                "ipv6_dns_record": [],
                "mac_address": "d0:0d:4a:11:d9:e1",
                "nat": true,
                "nat_dns_record": [],
                "nat_ip_address": "51.250.102.98",
                "nat_ip_version": "IPV4",
                "security_group_ids": [],
                "subnet_id": "e2lgh21ca8u2vovs9hiq"
              }
            ],
            "placement_policy": [
              {
                "host_affinity_rules": [],
                "placement_group_id": ""
              }
            ],
            "platform_id": "standard-v1",
            "resources": [
              {
                "core_fraction": 100,
                "cores": 2,
                "gpus": 0,
                "memory": 2
              }
            ],
            "scheduling_policy": [
              {
                "preemptible": false
              }
            ],
            "secondary_disk": [],
            "service_account_id": "",
            "status": "running",
            "timeouts": null,
            "zone": "ru-central1-b"
          },
          "sensitive_attributes": [],
          "private": "eyJlMmJmYjczMC1lY2FhLTExZTYtOGY4OC0zNDM2M2JjN2M0YzAiOnsiY3JlYXRlIjozMDAwMDAwMDAwMDAsImRlbGV0ZSI6MzAwMDAwMDAwMDAwLCJ1cGRhdGUiOjMwMDAwMDAwMDAwMH0sInNjaGVtYV92ZXJzaW9uIjoiMSJ9",
          "dependencies": [
            "yandex_vpc_network.wp-network",
            "yandex_vpc_subnet.wp-subnet-b"
          ]
        }
      ]
    },
    {
      "mode": "managed",
      "type": "yandex_lb_network_load_balancer",
      "name": "wp_lb",
      "provider": "provider[\"registry.terraform.io/yandex-cloud/yandex\"]",
      "instances": [
        {
          "schema_version": 0,
          "attributes": {
            "attached_target_group": [
              {
                "healthcheck": [
                  {
                    "healthy_threshold": 2,
                    "http_options": [
                      {
                        "path": "/health",
                        "port": 80
                      }
                    ],
                    "interval": 2,
                    "name": "http",
                    "tcp_options": [],
                    "timeout": 1,
                    "unhealthy_threshold": 2
                  }
                ],
                "target_group_id": "enpo0rlm9iacn0ladrbh"
              }
            ],
            "created_at": "2022-08-05T13:48:52Z",
            "description": "",
            "folder_id": "b1g0sumoa9bmdieiucl3",
            "id": "enpjfe6gnchb68s4qofh",
            "labels": {},
            "listener": [
              {
                "external_address_spec": [
                  {
                    "address": "62.84.122.27",
                    "ip_version": "ipv4"
                  }
                ],
                "internal_address_spec": [],
                "name": "wp-listener",
                "port": 80,
                "protocol": "tcp",
                "target_port": 80
              }
            ],
            "name": "wp-network-load-balancer",
            "region_id": "ru-central1",
            "timeouts": null,
            "type": "external"
          },
          "sensitive_attributes": [],
          "private": "eyJlMmJmYjczMC1lY2FhLTExZTYtOGY4OC0zNDM2M2JjN2M0YzAiOnsiY3JlYXRlIjozMDAwMDAwMDAwMDAsImRlbGV0ZSI6MzAwMDAwMDAwMDAwLCJ1cGRhdGUiOjMwMDAwMDAwMDAwMH19",
          "dependencies": [
            "yandex_compute_instance.wp-app-1",
            "yandex_compute_instance.wp-app-2",
            "yandex_lb_target_group.wp_tg",
            "yandex_vpc_network.wp-network",
            "yandex_vpc_subnet.wp-subnet-a",
            "yandex_vpc_subnet.wp-subnet-b"
          ]
        }
      ]
    },
    {
      "mode": "managed",
      "type": "yandex_lb_target_group",
      "name": "wp_tg",
      "provider": "provider[\"registry.terraform.io/yandex-cloud/yandex\"]",
      "instances": [
        {
          "schema_version": 0,
          "attributes": {
            "created_at": "2022-08-05T13:48:50Z",
            "description": "",
            "folder_id": "b1g0sumoa9bmdieiucl3",
            "id": "enpo0rlm9iacn0ladrbh",
            "labels": {},
            "name": "wp-target-group",
            "region_id": "ru-central1",
            "target": [
              {
                "address": "10.2.0.25",
                "subnet_id": "e9burnv1545q27ailbnt"
              },
              {
                "address": "10.3.0.16",
                "subnet_id": "e2lgh21ca8u2vovs9hiq"
              }
            ],
            "timeouts": null
          },
          "sensitive_attributes": [],
          "private": "eyJlMmJmYjczMC1lY2FhLTExZTYtOGY4OC0zNDM2M2JjN2M0YzAiOnsiY3JlYXRlIjozMDAwMDAwMDAwMDAsImRlbGV0ZSI6MzAwMDAwMDAwMDAwLCJ1cGRhdGUiOjMwMDAwMDAwMDAwMH19",
          "dependencies": [
            "yandex_compute_instance.wp-app-1",
            "yandex_compute_instance.wp-app-2",
            "yandex_vpc_network.wp-network",
            "yandex_vpc_subnet.wp-subnet-a",
            "yandex_vpc_subnet.wp-subnet-b"
          ]
        }
      ]
    },
    {
      "mode": "managed",
      "type": "yandex_mdb_mysql_cluster",
      "name": "wp_mysql",
      "provider": "provider[\"registry.terraform.io/yandex-cloud/yandex\"]",
      "instances": [
        {
          "schema_version": 0,
          "attributes": {
            "access": [
              {
                "data_lens": false,
                "web_sql": false
              }
            ],
            "allow_regeneration_host": false,
            "backup_window_start": [
              {
                "hours": 0,
                "minutes": 0
              }
            ],
            "created_at": "2022-08-05T13:54:04Z",
            "database": [
              {
                "name": "db"
              }
            ],
            "deletion_protection": false,
            "description": "",
            "environment": "PRODUCTION",
            "folder_id": "b1g0sumoa9bmdieiucl3",
            "health": "ALIVE",
            "host": [
              {
                "assign_public_ip": true,
                "backup_priority": 0,
                "fqdn": "rc1b-gof2xqthrdo9323c.mdb.yandexcloud.net",
                "name": "",
                "priority": 0,
                "replication_source": "",
                "replication_source_name": "",
                "subnet_id": "e2lgh21ca8u2vovs9hiq",
                "zone": "ru-central1-b"
              },
              {
                "assign_public_ip": true,
                "backup_priority": 0,
                "fqdn": "rc1c-ihmu610pmgd1n9a9.mdb.yandexcloud.net",
                "name": "",
                "priority": 0,
                "replication_source": "",
                "replication_source_name": "",
                "subnet_id": "b0cm9ljvqoc6m5ba779v",
                "zone": "ru-central1-c"
              }
            ],
            "host_group_ids": [],
            "id": "c9q5l7tlul4os6l6fqlr",
            "labels": {},
            "maintenance_window": [
              {
                "day": "",
                "hour": 0,
                "type": "ANYTIME"
              }
            ],
            "mysql_config": {
              "binlog_transaction_dependency_tracking": "0",
              "log_slow_rate_type": "0",
              "sql_mode": "ONLY_FULL_GROUP_BY,STRICT_TRANS_TABLES,NO_ZERO_IN_DATE,NO_ZERO_DATE,ERROR_FOR_DIVISION_BY_ZERO,NO_ENGINE_SUBSTITUTION"
            },
            "name": "wp-mysql",
            "network_id": "enpk2e69jcc4lapkiu8b",
            "performance_diagnostics": [
              {
                "enabled": false,
                "sessions_sampling_interval": 60,
                "statements_sampling_interval": 600
              }
            ],
            "resources": [
              {
                "disk_size": 16,
                "disk_type_id": "network-ssd",
                "resource_preset_id": "s2.micro"
              }
            ],
            "restore": [],
            "security_group_ids": [],
            "status": "RUNNING",
            "timeouts": null,
            "user": [
              {
                "authentication_plugin": "MYSQL_NATIVE_PASSWORD",
                "connection_limits": [],
                "global_permissions": [],
                "name": "user",
                "password": "password",
                "permission": [
                  {
                    "database_name": "db",
                    "roles": [
                      "ALL"
                    ]
                  }
                ]
              }
            ],
            "version": "8.0"
          },
          "sensitive_attributes": [],
          "private": "eyJlMmJmYjczMC1lY2FhLTExZTYtOGY4OC0zNDM2M2JjN2M0YzAiOnsiY3JlYXRlIjo5MDAwMDAwMDAwMDAsImRlbGV0ZSI6OTAwMDAwMDAwMDAwLCJ1cGRhdGUiOjM2MDAwMDAwMDAwMDB9fQ==",
          "dependencies": [
            "yandex_vpc_network.wp-network",
            "yandex_vpc_subnet.wp-subnet-b",
            "yandex_vpc_subnet.wp-subnet-c"
          ]
        }
      ]
    },
    {
      "mode": "managed",
      "type": "yandex_vpc_network",
      "name": "wp-network",
      "provider": "provider[\"registry.terraform.io/yandex-cloud/yandex\"]",
      "instances": [
        {
          "schema_version": 0,
          "attributes": {
            "created_at": "2022-08-05T13:31:11Z",
            "default_security_group_id": "",
            "description": "",
            "folder_id": "b1g0sumoa9bmdieiucl3",
            "id": "enpk2e69jcc4lapkiu8b",
            "labels": {},
            "name": "wp-network",
            "subnet_ids": [
              "b0cm9ljvqoc6m5ba779v",
              "e2lgh21ca8u2vovs9hiq",
              "e9burnv1545q27ailbnt"
            ],
            "timeouts": null
          },
          "sensitive_attributes": [],
          "private": "eyJlMmJmYjczMC1lY2FhLTExZTYtOGY4OC0zNDM2M2JjN2M0YzAiOnsiY3JlYXRlIjo2MDAwMDAwMDAwMCwiZGVsZXRlIjo2MDAwMDAwMDAwMCwidXBkYXRlIjo2MDAwMDAwMDAwMH19"
        }
      ]
    },
    {
      "mode": "managed",
      "type": "yandex_vpc_subnet",
      "name": "wp-subnet-a",
      "provider": "provider[\"registry.terraform.io/yandex-cloud/yandex\"]",
      "instances": [
        {
          "schema_version": 0,
          "attributes": {
            "created_at": "2022-08-05T13:31:12Z",
            "description": "",
            "dhcp_options": [],
            "folder_id": "b1g0sumoa9bmdieiucl3",
            "id": "e9burnv1545q27ailbnt",
            "labels": {},
            "name": "wp-subnet-a",
            "network_id": "enpk2e69jcc4lapkiu8b",
            "route_table_id": "",
            "timeouts": null,
            "v4_cidr_blocks": [
              "10.2.0.0/16"
            ],
            "v6_cidr_blocks": [],
            "zone": "ru-central1-a"
          },
          "sensitive_attributes": [],
          "private": "eyJlMmJmYjczMC1lY2FhLTExZTYtOGY4OC0zNDM2M2JjN2M0YzAiOnsiY3JlYXRlIjoxODAwMDAwMDAwMDAsImRlbGV0ZSI6MTgwMDAwMDAwMDAwLCJ1cGRhdGUiOjE4MDAwMDAwMDAwMH19",
          "dependencies": [
            "yandex_vpc_network.wp-network"
          ]
        }
      ]
    },
    {
      "mode": "managed",
      "type": "yandex_vpc_subnet",
      "name": "wp-subnet-b",
      "provider": "provider[\"registry.terraform.io/yandex-cloud/yandex\"]",
      "instances": [
        {
          "schema_version": 0,
          "attributes": {
            "created_at": "2022-08-05T13:31:14Z",
            "description": "",
            "dhcp_options": [],
            "folder_id": "b1g0sumoa9bmdieiucl3",
            "id": "e2lgh21ca8u2vovs9hiq",
            "labels": {},
            "name": "wp-subnet-b",
            "network_id": "enpk2e69jcc4lapkiu8b",
            "route_table_id": "",
            "timeouts": null,
            "v4_cidr_blocks": [
              "10.3.0.0/16"
            ],
            "v6_cidr_blocks": [],
            "zone": "ru-central1-b"
          },
          "sensitive_attributes": [],
          "private": "eyJlMmJmYjczMC1lY2FhLTExZTYtOGY4OC0zNDM2M2JjN2M0YzAiOnsiY3JlYXRlIjoxODAwMDAwMDAwMDAsImRlbGV0ZSI6MTgwMDAwMDAwMDAwLCJ1cGRhdGUiOjE4MDAwMDAwMDAwMH19",
          "dependencies": [
            "yandex_vpc_network.wp-network"
          ]
        }
      ]
    },
    {
      "mode": "managed",
      "type": "yandex_vpc_subnet",
      "name": "wp-subnet-c",
      "provider": "provider[\"registry.terraform.io/yandex-cloud/yandex\"]",
      "instances": [
        {
          "schema_version": 0,
          "attributes": {
            "created_at": "2022-08-05T13:31:13Z",
            "description": "",
            "dhcp_options": [],
            "folder_id": "b1g0sumoa9bmdieiucl3",
            "id": "b0cm9ljvqoc6m5ba779v",
            "labels": {},
            "name": "wp-subnet-c",
            "network_id": "enpk2e69jcc4lapkiu8b",
            "route_table_id": "",
            "timeouts": null,
            "v4_cidr_blocks": [
              "10.4.0.0/16"
            ],
            "v6_cidr_blocks": [],
            "zone": "ru-central1-c"
          },
          "sensitive_attributes": [],
          "private": "eyJlMmJmYjczMC1lY2FhLTExZTYtOGY4OC0zNDM2M2JjN2M0YzAiOnsiY3JlYXRlIjoxODAwMDAwMDAwMDAsImRlbGV0ZSI6MTgwMDAwMDAwMDAwLCJ1cGRhdGUiOjE4MDAwMDAwMDAwMH19",
          "dependencies": [
            "yandex_vpc_network.wp-network"
          ]
        }
      ]
    }
  ]
}
